// !$*UTF8*$!
{
	archiveVersion = 1;
	classes = {
	};
	objectVersion = 90;
	objects = {

/* Begin PBXBuildFile section */
		EC93816B2EDE493A0012FDBE /* Sentry in Frameworks */ = {isa = PBXBuildFile; productRef = EC93816A2EDE493A0012FDBE /* Sentry */; };
/* End PBXBuildFile section */

/* Begin PBXContainerItemProxy section */
		MDT00000015 /* PBXContainerItemProxy */ = {
			isa = PBXContainerItemProxy;
			containerPortal = 1A0000015 /* Project object */;
			proxyType = 1;
			remoteGlobalIDString = 1A0000011;
			remoteInfo = MiddleDrag;
		};
/* End PBXContainerItemProxy section */

/* Begin PBXFileReference section */
		1A0000004 /* MiddleDrag.app */ = {isa = PBXFileReference; explicitFileType = wrapper.application; includeInIndex = 0; path = MiddleDrag.app; sourceTree = BUILT_PRODUCTS_DIR; };
		EC7965532EFD8664007453A4 /* Debug.xcconfig */ = {isa = PBXFileReference; lastKnownFileType = text.xcconfig; path = Debug.xcconfig; sourceTree = "<group>"; };
		EC7965542EFD8678007453A4 /* Release.xcconfig */ = {isa = PBXFileReference; lastKnownFileType = text.xcconfig; path = Release.xcconfig; sourceTree = "<group>"; };
		MDT00000005 /* MiddleDragTests.xctest */ = {isa = PBXFileReference; explicitFileType = wrapper.cfbundle; includeInIndex = 0; path = MiddleDragTests.xctest; sourceTree = BUILT_PRODUCTS_DIR; };
/* End PBXFileReference section */

/* Begin PBXFileSystemSynchronizedBuildFileExceptionSet section */
		EC79662D2EFD87E2007453A4 /* Exceptions for "Frameworks" folder in "MiddleDrag" target */ = {
			isa = PBXFileSystemSynchronizedBuildFileExceptionSet;
			membershipExceptions = (
				Debug.xcconfig,
				Release.xcconfig,
				Secrets.xcconfig,
			);
			target = 1A0000011 /* MiddleDrag */;
		};
		EC79662E2EFD87E2007453A4 /* Exceptions for "Frameworks" folder in "MiddleDragTests" target */ = {
			isa = PBXFileSystemSynchronizedBuildFileExceptionSet;
			membershipExceptions = (
				Debug.xcconfig,
				Release.xcconfig,
				Secrets.xcconfig,
			);
			target = MDT00000007 /* MiddleDragTests */;
		};
		EC7967092EFE76AA007453A4 /* Exceptions for "MiddleDrag" folder in "MiddleDrag" target */ = {
			isa = PBXFileSystemSynchronizedBuildFileExceptionSet;
			membershipExceptions = (
				MiddleDragTests/AlertHelperTests.swift,
				MiddleDragTests/AnalyticsManagerTests.swift,
				MiddleDragTests/DeviceMonitorTests.swift,
				MiddleDragTests/GestureModelsTests.swift,
				MiddleDragTests/GestureRecognizerTests.swift,
				MiddleDragTests/LaunchAtLoginManagerTests.swift,
				MiddleDragTests/MenuBarControllerTests.swift,
				MiddleDragTests/Mocks/MockDeviceMonitor.swift,
				MiddleDragTests/MouseEventGeneratorTests.swift,
				MiddleDragTests/MultitouchFrameworkTests.swift,
				MiddleDragTests/MultitouchManagerTests.swift,
				MiddleDragTests/PreferencesManagerTests.swift,
				MiddleDragTests/TouchModelsTests.swift,
			);
			target = 1A0000011 /* MiddleDrag */;
		};
/* End PBXFileSystemSynchronizedBuildFileExceptionSet section */

/* Begin PBXFileSystemSynchronizedRootGroup section */
		EC79661A2EFD8784007453A4 /* Frameworks */ = {
			isa = PBXFileSystemSynchronizedRootGroup;
			exceptions = (
				EC79662D2EFD87E2007453A4 /* Exceptions for "Frameworks" folder in "MiddleDrag" target */,
				EC79662E2EFD87E2007453A4 /* Exceptions for "Frameworks" folder in "MiddleDragTests" target */,
			);
			path = Frameworks;
			sourceTree = "<group>";
		};
		ECB868372EFAC6C200DC9C8F /* MiddleDrag */ = {
			isa = PBXFileSystemSynchronizedRootGroup;
			exceptions = (
				EC7967092EFE76AA007453A4 /* Exceptions for "MiddleDrag" folder in "MiddleDrag" target */,
			);
			path = MiddleDrag;
			sourceTree = "<group>";
		};
/* End PBXFileSystemSynchronizedRootGroup section */

/* Begin PBXFrameworksBuildPhase section */
		1A0000007 /* Frameworks */ = {
			isa = PBXFrameworksBuildPhase;
			files = (
				EC93816B2EDE493A0012FDBE /* Sentry in Frameworks */,
			);
		};
		MDT00000010 /* Frameworks */ = {
			isa = PBXFrameworksBuildPhase;
			files = (
			);
		};
/* End PBXFrameworksBuildPhase section */

/* Begin PBXGroup section */
		1A0000008 = {
			isa = PBXGroup;
			children = (
				ECB868372EFAC6C200DC9C8F /* MiddleDrag */,
				1A0000010 /* Products */,
				EC79661A2EFD8784007453A4 /* Frameworks */,
				EC79669C2EFE7534007453A4 /* Recovered References */,
			);
			sourceTree = "<group>";
		};
		1A0000010 /* Products */ = {
			isa = PBXGroup;
			children = (
				1A0000004 /* MiddleDrag.app */,
				MDT00000005 /* MiddleDragTests.xctest */,
			);
			name = Products;
			sourceTree = "<group>";
		};
		EC79669C2EFE7534007453A4 /* Recovered References */ = {
			isa = PBXGroup;
			children = (
				EC7965532EFD8664007453A4 /* Debug.xcconfig */,
				EC7965542EFD8678007453A4 /* Release.xcconfig */,
			);
			name = "Recovered References";
			sourceTree = "<group>";
		};
/* End PBXGroup section */

/* Begin PBXNativeTarget section */
		1A0000011 /* MiddleDrag */ = {
			isa = PBXNativeTarget;
			buildConfigurationList = 1A0000012 /* Build configuration list for PBXNativeTarget "MiddleDrag" */;
			buildPhases = (
				1A0000013 /* Sources */,
				1A0000007 /* Frameworks */,
				1A0000014 /* Resources */,
				EC3F44142EDE5CBB00BD36A8 /* Upload Debug Symbols & Source Context */,
			);
			buildRules = (
			);
			fileSystemSynchronizedGroups = (
				EC79661A2EFD8784007453A4 /* Frameworks */,
				ECB868372EFAC6C200DC9C8F /* MiddleDrag */,
			);
			name = MiddleDrag;
			productName = MiddleDrag;
			productReference = 1A0000004 /* MiddleDrag.app */;
			productType = "com.apple.product-type.application";
		};
		MDT00000007 /* MiddleDragTests */ = {
			isa = PBXNativeTarget;
			buildConfigurationList = MDT00000008 /* Build configuration list for PBXNativeTarget "MiddleDragTests" */;
			buildPhases = (
				MDT00000009 /* Sources */,
				MDT00000010 /* Frameworks */,
				MDT00000011 /* Resources */,
			);
			buildRules = (
			);
			dependencies = (
				MDT00000012 /* PBXTargetDependency */,
			);
			fileSystemSynchronizedGroups = (
				EC79661A2EFD8784007453A4 /* Frameworks */,
				ECB868372EFAC6C200DC9C8F /* MiddleDrag */,
			);
			name = MiddleDragTests;
			productName = MiddleDragTests;
			productReference = MDT00000005 /* MiddleDragTests.xctest */;
			productType = "com.apple.product-type.bundle.unit-test";
		};
/* End PBXNativeTarget section */

/* Begin PBXProject section */
		1A0000015 /* Project object */ = {
			isa = PBXProject;
			attributes = {
				BuildIndependentTargetsInParallel = 1;
				LastSwiftUpdateCheck = 1400;
				LastUpgradeCheck = 1400;
				TargetAttributes = {
					1A0000011 = {
						CreatedOnToolsVersion = 14.0;
					};
					MDT00000007 = {
						CreatedOnToolsVersion = 14.0;
					};
				};
			};
			buildConfigurationList = 1A0000016 /* Build configuration list for PBXProject "MiddleDrag" */;
			developmentRegion = en;
			hasScannedForEncodings = 0;
			knownRegions = (
				en,
				Base,
			);
			mainGroup = 1A0000008;
			packageReferences = (
				EC9381692EDE49030012FDBE /* XCRemoteSwiftPackageReference "sentry-cocoa" */,
			);
			preferredProjectObjectVersion = 90;
			productRefGroup = 1A0000010 /* Products */;
			projectDirPath = "";
			projectRoot = "";
			targets = (
				1A0000011 /* MiddleDrag */,
				MDT00000007 /* MiddleDragTests */,
			);
		};
/* End PBXProject section */

/* Begin PBXResourcesBuildPhase section */
		1A0000014 /* Resources */ = {
			isa = PBXResourcesBuildPhase;
			files = (
			);
		};
		MDT00000011 /* Resources */ = {
			isa = PBXResourcesBuildPhase;
			files = (
			);
		};
/* End PBXResourcesBuildPhase section */

/* Begin PBXShellScriptBuildPhase section */
		EC3F44142EDE5CBB00BD36A8 /* Upload Debug Symbols & Source Context */ = {
			isa = PBXShellScriptBuildPhase;
			alwaysOutOfDate = 1;
			inputPaths = (
				"${DWARF_DSYM_FOLDER_PATH}/${DWARF_DSYM_FILE_NAME}/Contents/Resources/DWARF/${EXECUTABLE_NAME}",
			);
			name = "Upload Debug Symbols & Source Context";
			shellPath = /bin/sh;
			shellScript = (
				"# Type a script or drag a script file from your workspace to insert its path.",
				"if [[ \"$(uname -m)\" == arm64 ]]; then",
				"    export PATH=\"/opt/homebrew/bin:$PATH\"",
				"fi",
				"if which sentry-cli >/dev/null; then",
				"export SENTRY_ORG=nullpointerdepressivedisorder",
				"export SENTRY_PROJECT=middledrag",
				"export SENTRY_AUTH_TOKEN=${SENTRY_AUTH_TOKEN}",
				"ERROR=$(sentry-cli debug-files upload \\",
				"--include-sources \\",
				"\"$DWARF_DSYM_FOLDER_PATH\" 2>&1 >/dev/null)",
				"if [ ! $? -eq 0 ]; then",
				"echo \"warning: sentry-cli - $ERROR\"",
				"fi",
				"else",
				"echo \"warning: sentry-cli not installed, download from https://github.com/getsentry/sentry-cli/releases\"",
				"fi",
				"",
			);
		};
/* End PBXShellScriptBuildPhase section */

/* Begin PBXSourcesBuildPhase section */
		1A0000013 /* Sources */ = {
			isa = PBXSourcesBuildPhase;
			files = (
			);
		};
		MDT00000009 /* Sources */ = {
			isa = PBXSourcesBuildPhase;
			files = (
			);
		};
/* End PBXSourcesBuildPhase section */

/* Begin PBXTargetDependency section */
		MDT00000012 /* PBXTargetDependency */ = {
			isa = PBXTargetDependency;
			target = 1A0000011 /* MiddleDrag */;
			targetProxy = MDT00000015 /* PBXContainerItemProxy */;
		};
/* End PBXTargetDependency section */

/* Begin XCBuildConfiguration section */
		1A0000017 /* Debug configuration for PBXProject "MiddleDrag" */ = {
			isa = XCBuildConfiguration;
			buildSettings = {
				ALWAYS_SEARCH_USER_PATHS = NO;
				CLANG_ANALYZER_NONNULL = YES;
				CLANG_ANALYZER_NUMBER_OBJECT_CONVERSION = YES_AGGRESSIVE;
				CLANG_CXX_LANGUAGE_STANDARD = "gnu++20";
				CLANG_ENABLE_MODULES = YES;
				CLANG_ENABLE_OBJC_ARC = YES;
				CLANG_ENABLE_OBJC_WEAK = YES;
				CLANG_WARN_BLOCK_CAPTURE_AUTORELEASING = YES;
				CLANG_WARN_BOOL_CONVERSION = YES;
				CLANG_WARN_COMMA = YES;
				CLANG_WARN_CONSTANT_CONVERSION = YES;
				CLANG_WARN_DEPRECATED_OBJC_IMPLEMENTATIONS = YES;
				CLANG_WARN_DIRECT_OBJC_ISA_USAGE = YES_ERROR;
				CLANG_WARN_DOCUMENTATION_COMMENTS = YES;
				CLANG_WARN_EMPTY_BODY = YES;
				CLANG_WARN_ENUM_CONVERSION = YES;
				CLANG_WARN_INFINITE_RECURSION = YES;
				CLANG_WARN_INT_CONVERSION = YES;
				CLANG_WARN_NON_LITERAL_NULL_CONVERSION = YES;
				CLANG_WARN_OBJC_IMPLICIT_RETAIN_SELF = YES;
				CLANG_WARN_OBJC_LITERAL_CONVERSION = YES;
				CLANG_WARN_OBJC_ROOT_CLASS = YES_ERROR;
				CLANG_WARN_QUOTED_INCLUDE_IN_FRAMEWORK_HEADER = YES;
				CLANG_WARN_RANGE_LOOP_ANALYSIS = YES;
				CLANG_WARN_STRICT_PROTOTYPES = YES;
				CLANG_WARN_SUSPICIOUS_MOVE = YES;
				CLANG_WARN_UNGUARDED_AVAILABILITY = YES_AGGRESSIVE;
				CLANG_WARN_UNREACHABLE_CODE = YES;
				CLANG_WARN__DUPLICATE_METHOD_MATCH = YES;
				COPY_PHASE_STRIP = NO;
				DEBUG_INFORMATION_FORMAT = dwarf;
				ENABLE_STRICT_OBJC_MSGSEND = YES;
				ENABLE_TESTABILITY = YES;
				GCC_C_LANGUAGE_STANDARD = gnu11;
				GCC_DYNAMIC_NO_PIC = NO;
				GCC_NO_COMMON_BLOCKS = YES;
				GCC_OPTIMIZATION_LEVEL = 0;
				GCC_PREPROCESSOR_DEFINITIONS = (
					"DEBUG=1",
					"$(inherited)",
				);
				GCC_WARN_64_TO_32_BIT_CONVERSION = YES;
				GCC_WARN_ABOUT_RETURN_TYPE = YES_ERROR;
				GCC_WARN_UNDECLARED_SELECTOR = YES;
				GCC_WARN_UNINITIALIZED_AUTOS = YES_AGGRESSIVE;
				GCC_WARN_UNUSED_FUNCTION = YES;
				GCC_WARN_UNUSED_VARIABLE = YES;
				MACOSX_DEPLOYMENT_TARGET = 11.0;
				MTL_ENABLE_DEBUG_INFO = INCLUDE_SOURCE;
				MTL_FAST_MATH = YES;
				ONLY_ACTIVE_ARCH = YES;
				SDKROOT = macosx;
				SWIFT_ACTIVE_COMPILATION_CONDITIONS = DEBUG;
				SWIFT_OPTIMIZATION_LEVEL = "-Onone";
			};
			name = Debug;
		};
		1A0000018 /* Release configuration for PBXProject "MiddleDrag" */ = {
			isa = XCBuildConfiguration;
			buildSettings = {
				ALWAYS_SEARCH_USER_PATHS = NO;
				CLANG_ANALYZER_NONNULL = YES;
				CLANG_ANALYZER_NUMBER_OBJECT_CONVERSION = YES_AGGRESSIVE;
				CLANG_CXX_LANGUAGE_STANDARD = "gnu++20";
				CLANG_ENABLE_MODULES = YES;
				CLANG_ENABLE_OBJC_ARC = YES;
				CLANG_ENABLE_OBJC_WEAK = YES;
				CLANG_WARN_BLOCK_CAPTURE_AUTORELEASING = YES;
				CLANG_WARN_BOOL_CONVERSION = YES;
				CLANG_WARN_COMMA = YES;
				CLANG_WARN_CONSTANT_CONVERSION = YES;
				CLANG_WARN_DEPRECATED_OBJC_IMPLEMENTATIONS = YES;
				CLANG_WARN_DIRECT_OBJC_ISA_USAGE = YES_ERROR;
				CLANG_WARN_DOCUMENTATION_COMMENTS = YES;
				CLANG_WARN_EMPTY_BODY = YES;
				CLANG_WARN_ENUM_CONVERSION = YES;
				CLANG_WARN_INFINITE_RECURSION = YES;
				CLANG_WARN_INT_CONVERSION = YES;
				CLANG_WARN_NON_LITERAL_NULL_CONVERSION = YES;
				CLANG_WARN_OBJC_IMPLICIT_RETAIN_SELF = YES;
				CLANG_WARN_OBJC_LITERAL_CONVERSION = YES;
				CLANG_WARN_OBJC_ROOT_CLASS = YES_ERROR;
				CLANG_WARN_QUOTED_INCLUDE_IN_FRAMEWORK_HEADER = YES;
				CLANG_WARN_RANGE_LOOP_ANALYSIS = YES;
				CLANG_WARN_STRICT_PROTOTYPES = YES;
				CLANG_WARN_SUSPICIOUS_MOVE = YES;
				CLANG_WARN_UNGUARDED_AVAILABILITY = YES_AGGRESSIVE;
				CLANG_WARN_UNREACHABLE_CODE = YES;
				CLANG_WARN__DUPLICATE_METHOD_MATCH = YES;
				COPY_PHASE_STRIP = NO;
				DEBUG_INFORMATION_FORMAT = "dwarf-with-dsym";
				ENABLE_NS_ASSERTIONS = NO;
				ENABLE_STRICT_OBJC_MSGSEND = YES;
				GCC_C_LANGUAGE_STANDARD = gnu11;
				GCC_NO_COMMON_BLOCKS = YES;
				GCC_WARN_64_TO_32_BIT_CONVERSION = YES;
				GCC_WARN_ABOUT_RETURN_TYPE = YES_ERROR;
				GCC_WARN_UNDECLARED_SELECTOR = YES;
				GCC_WARN_UNINITIALIZED_AUTOS = YES_AGGRESSIVE;
				GCC_WARN_UNUSED_FUNCTION = YES;
				GCC_WARN_UNUSED_VARIABLE = YES;
				MACOSX_DEPLOYMENT_TARGET = 11.0;
				MTL_ENABLE_DEBUG_INFO = NO;
				MTL_FAST_MATH = YES;
				SDKROOT = macosx;
				SWIFT_COMPILATION_MODE = wholemodule;
				SWIFT_OPTIMIZATION_LEVEL = "-O";
			};
			name = Release;
		};
		1A0000019 /* Debug configuration for PBXNativeTarget "MiddleDrag" */ = {
			isa = XCBuildConfiguration;
			baseConfigurationReferenceAnchor = EC79661A2EFD8784007453A4 /* Frameworks */;
			baseConfigurationReferenceRelativePath = Debug.xcconfig;
			buildSettings = {
				ASSETCATALOG_COMPILER_APPICON_NAME = AppIcon;
				ASSETCATALOG_COMPILER_GLOBAL_ACCENT_COLOR_NAME = AccentColor;
				CLANG_ALLOW_NON_MODULAR_INCLUDES_IN_FRAMEWORK_MODULES = YES;
				CODE_SIGN_ENTITLEMENTS = MiddleDrag/MiddleDrag.entitlements;
				CODE_SIGN_IDENTITY = "-";
				CODE_SIGN_STYLE = Automatic;
				COMBINE_HIDPI_IMAGES = YES;
				CURRENT_PROJECT_VERSION = 1;
				DEVELOPMENT_TEAM = "";
				ENABLE_HARDENED_RUNTIME = NO;
				FRAMEWORK_SEARCH_PATHS = (
					"$(inherited)",
					/System/Library/PrivateFrameworks,
				);
				GCC_SYMBOLS_PRIVATE_EXTERN = NO;
				GENERATE_INFOPLIST_FILE = NO;
				INFOPLIST_FILE = MiddleDrag/Info.plist;
				INFOPLIST_KEY_NSMainStoryboardFile = "";
				INFOPLIST_KEY_NSPrincipalClass = NSApplication;
				LD_RUNPATH_SEARCH_PATHS = (
					"$(inherited)",
					"@executable_path/../Frameworks",
				);
				MACOSX_DEPLOYMENT_TARGET = 15.0;
				MARKETING_VERSION = 1.3.3;
				OTHER_LDFLAGS = (
					"-framework",
					MultitouchSupport,
					"-framework",
					CoreFoundation,
				);
				PRODUCT_BUNDLE_IDENTIFIER = com.middledrag.MiddleDrag;
				PRODUCT_NAME = "$(TARGET_NAME)";
				SWIFT_EMIT_LOC_STRINGS = YES;
				SWIFT_VERSION = 5.0;
			};
			name = Debug;
		};
		1A0000020 /* Release configuration for PBXNativeTarget "MiddleDrag" */ = {
			isa = XCBuildConfiguration;
			baseConfigurationReferenceAnchor = EC79661A2EFD8784007453A4 /* Frameworks */;
			baseConfigurationReferenceRelativePath = Release.xcconfig;
			buildSettings = {
				ASSETCATALOG_COMPILER_APPICON_NAME = AppIcon;
				ASSETCATALOG_COMPILER_GLOBAL_ACCENT_COLOR_NAME = AccentColor;
				CLANG_ALLOW_NON_MODULAR_INCLUDES_IN_FRAMEWORK_MODULES = YES;
				CODE_SIGN_ENTITLEMENTS = MiddleDrag/MiddleDrag.entitlements;
				CODE_SIGN_IDENTITY = "-";
				CODE_SIGN_STYLE = Automatic;
				COMBINE_HIDPI_IMAGES = YES;
				CURRENT_PROJECT_VERSION = 1;
				DEVELOPMENT_TEAM = "";
				ENABLE_HARDENED_RUNTIME = NO;
				FRAMEWORK_SEARCH_PATHS = (
					"$(inherited)",
					/System/Library/PrivateFrameworks,
				);
				GCC_SYMBOLS_PRIVATE_EXTERN = NO;
				GENERATE_INFOPLIST_FILE = NO;
				INFOPLIST_FILE = MiddleDrag/Info.plist;
				INFOPLIST_KEY_NSMainStoryboardFile = "";
				INFOPLIST_KEY_NSPrincipalClass = NSApplication;
				LD_RUNPATH_SEARCH_PATHS = (
					"$(inherited)",
					"@executable_path/../Frameworks",
				);
				MACOSX_DEPLOYMENT_TARGET = 15.0;
				MARKETING_VERSION = 1.3.3;
				OTHER_LDFLAGS = (
					"-framework",
					MultitouchSupport,
					"-framework",
					CoreFoundation,
				);
				PRODUCT_BUNDLE_IDENTIFIER = com.middledrag.MiddleDrag;
				PRODUCT_NAME = "$(TARGET_NAME)";
				SWIFT_EMIT_LOC_STRINGS = YES;
				SWIFT_VERSION = 5.0;
			};
			name = Release;
		};
		MDT00000013 /* Debug configuration for PBXNativeTarget "MiddleDragTests" */ = {
			isa = XCBuildConfiguration;
			buildSettings = {
				CODE_SIGN_STYLE = Automatic;
				CURRENT_PROJECT_VERSION = 1;
				FRAMEWORK_SEARCH_PATHS = /System/Library/PrivateFrameworks;
				GENERATE_INFOPLIST_FILE = YES;
				MACOSX_DEPLOYMENT_TARGET = 15.0;
				MARKETING_VERSION = 1.0;
				OTHER_LDFLAGS = (
					"-framework",
					MultitouchSupport,
					"-framework",
					CoreFoundation,
				);
				PRODUCT_BUNDLE_IDENTIFIER = com.middledrag.MiddleDragTests;
				PRODUCT_NAME = "$(TARGET_NAME)";
				SWIFT_EMIT_LOC_STRINGS = NO;
				SWIFT_VERSION = 5.0;
			};
			name = Debug;
		};
		MDT00000014 /* Release configuration for PBXNativeTarget "MiddleDragTests" */ = {
			isa = XCBuildConfiguration;
			buildSettings = {
				CODE_SIGN_STYLE = Automatic;
				CURRENT_PROJECT_VERSION = 1;
				FRAMEWORK_SEARCH_PATHS = /System/Library/PrivateFrameworks;
				GENERATE_INFOPLIST_FILE = YES;
				MACOSX_DEPLOYMENT_TARGET = 15.0;
				MARKETING_VERSION = 1.0;
				OTHER_LDFLAGS = (
					"-framework",
					MultitouchSupport,
					"-framework",
					CoreFoundation,
				);
				PRODUCT_BUNDLE_IDENTIFIER = com.middledrag.MiddleDragTests;
				PRODUCT_NAME = "$(TARGET_NAME)";
				SWIFT_EMIT_LOC_STRINGS = NO;
				SWIFT_VERSION = 5.0;
			};
			name = Release;
		};
/* End XCBuildConfiguration section */

/* Begin XCConfigurationList section */
		1A0000012 /* Build configuration list for PBXNativeTarget "MiddleDrag" */ = {
			isa = XCConfigurationList;
			buildConfigurations = (
				1A0000019 /* Debug configuration for PBXNativeTarget "MiddleDrag" */,
				1A0000020 /* Release configuration for PBXNativeTarget "MiddleDrag" */,
			);
			defaultConfigurationName = Release;
		};
		1A0000016 /* Build configuration list for PBXProject "MiddleDrag" */ = {
			isa = XCConfigurationList;
			buildConfigurations = (
				1A0000017 /* Debug configuration for PBXProject "MiddleDrag" */,
				1A0000018 /* Release configuration for PBXProject "MiddleDrag" */,
			);
			defaultConfigurationName = Release;
		};
		MDT00000008 /* Build configuration list for PBXNativeTarget "MiddleDragTests" */ = {
			isa = XCConfigurationList;
			buildConfigurations = (
				MDT00000013 /* Debug configuration for PBXNativeTarget "MiddleDragTests" */,
				MDT00000014 /* Release configuration for PBXNativeTarget "MiddleDragTests" */,
			);
			defaultConfigurationName = Release;
		};
/* End XCConfigurationList section */

/* Begin XCRemoteSwiftPackageReference section */
		EC9381692EDE49030012FDBE /* XCRemoteSwiftPackageReference "sentry-cocoa" */ = {
			isa = XCRemoteSwiftPackageReference;
			repositoryURL = "https://github.com/getsentry/sentry-cocoa.git";
			requirement = {
				kind = upToNextMajorVersion;
				minimumVersion = 9.0.0;
			};
		};
/* End XCRemoteSwiftPackageReference section */

/* Begin XCSwiftPackageProductDependency section */
		EC93816A2EDE493A0012FDBE /* Sentry */ = {
			isa = XCSwiftPackageProductDependency;
			package = EC9381692EDE49030012FDBE /* XCRemoteSwiftPackageReference "sentry-cocoa" */;
			productName = Sentry;
		};
/* End XCSwiftPackageProductDependency section */
	};
	rootObject = 1A0000015 /* Project object */;
}
