// !$*UTF8*$!
{
	archiveVersion = 1;
	classes = {
	};
	objectVersion = 56;
	objects = {

/* Begin PBXBuildFile section */
		EC3F440F2EDE4B9B00BD36A8 /* AnalyticsManager.swift in Sources */ = {isa = PBXBuildFile; fileRef = EC3F440E2EDE4B9B00BD36A8 /* AnalyticsManager.swift */; };
		EC3F44122EDE4DA800BD36A8 /* SimpleAnalytics in Frameworks */ = {isa = PBXBuildFile; productRef = EC3F44112EDE4DA800BD36A8 /* SimpleAnalytics */; };
		EC5F1E152ED8E37A0053F6A9 /* MultitouchFramework.swift in Sources */ = {isa = PBXBuildFile; fileRef = EC5F1E012ED8E37A0053F6A9 /* MultitouchFramework.swift */; };
		EC5F1E162ED8E37A0053F6A9 /* MenuBarController.swift in Sources */ = {isa = PBXBuildFile; fileRef = EC5F1E102ED8E37A0053F6A9 /* MenuBarController.swift */; };
		EC5F1E172ED8E37A0053F6A9 /* AlertHelper.swift in Sources */ = {isa = PBXBuildFile; fileRef = EC5F1E0F2ED8E37A0053F6A9 /* AlertHelper.swift */; };
		EC5F1E192ED8E37A0053F6A9 /* TouchModels.swift in Sources */ = {isa = PBXBuildFile; fileRef = EC5F1E0B2ED8E37A0053F6A9 /* TouchModels.swift */; };
		EC5F1E1A2ED8E37A0053F6A9 /* GestureRecognizer.swift in Sources */ = {isa = PBXBuildFile; fileRef = EC5F1DFF2ED8E37A0053F6A9 /* GestureRecognizer.swift */; };
		EC5F1E1B2ED8E37A0053F6A9 /* MultitouchManager.swift in Sources */ = {isa = PBXBuildFile; fileRef = EC5F1E062ED8E37A0053F6A9 /* MultitouchManager.swift */; };
		EC5F1E1C2ED8E37A0053F6A9 /* PreferencesManager.swift in Sources */ = {isa = PBXBuildFile; fileRef = EC5F1E132ED8E37A0053F6A9 /* PreferencesManager.swift */; };
		EC5F1E1D2ED8E37A0053F6A9 /* DeviceMonitor.swift in Sources */ = {isa = PBXBuildFile; fileRef = EC5F1E052ED8E37A0053F6A9 /* DeviceMonitor.swift */; };
		EC5F1E1E2ED8E37A0053F6A9 /* LaunchAtLoginManager.swift in Sources */ = {isa = PBXBuildFile; fileRef = EC5F1E122ED8E37A0053F6A9 /* LaunchAtLoginManager.swift */; };
		EC5F1E1F2ED8E37A0053F6A9 /* GestureModels.swift in Sources */ = {isa = PBXBuildFile; fileRef = EC5F1E0A2ED8E37A0053F6A9 /* GestureModels.swift */; };
		EC5F1E202ED8E37A0053F6A9 /* AppDelegate.swift in Sources */ = {isa = PBXBuildFile; fileRef = EC5F1DFE2ED8E37A0053F6A9 /* AppDelegate.swift */; };
		EC5F1E212ED8E37A0053F6A9 /* MouseEventGenerator.swift in Sources */ = {isa = PBXBuildFile; fileRef = EC5F1E002ED8E37A0053F6A9 /* MouseEventGenerator.swift */; };
		EC5F1E222ED8E37A0053F6A9 /* MiddleDragApp.swift in Sources */ = {isa = PBXBuildFile; fileRef = EC5F1E092ED8E37A0053F6A9 /* MiddleDragApp.swift */; };
		EC5F1E232ED8E37A0053F6A9 /* Assets.xcassets in Resources */ = {isa = PBXBuildFile; fileRef = EC5F1E242ED8E37A0053F6A9 /* Assets.xcassets */; };
		EC93816B2EDE493A0012FDBE /* Sentry in Frameworks */ = {isa = PBXBuildFile; productRef = EC93816A2EDE493A0012FDBE /* Sentry */; };
/* End PBXBuildFile section */

/* Begin PBXFileReference section */
		1A0000004 /* MiddleDrag.app */ = {isa = PBXFileReference; explicitFileType = wrapper.application; includeInIndex = 0; path = MiddleDrag.app; sourceTree = BUILT_PRODUCTS_DIR; };
		EC3F440E2EDE4B9B00BD36A8 /* AnalyticsManager.swift */ = {isa = PBXFileReference; lastKnownFileType = sourcecode.swift; path = AnalyticsManager.swift; sourceTree = "<group>"; };
		EC5F1DFE2ED8E37A0053F6A9 /* AppDelegate.swift */ = {isa = PBXFileReference; lastKnownFileType = sourcecode.swift; path = AppDelegate.swift; sourceTree = "<group>"; };
		EC5F1DFF2ED8E37A0053F6A9 /* GestureRecognizer.swift */ = {isa = PBXFileReference; lastKnownFileType = sourcecode.swift; path = GestureRecognizer.swift; sourceTree = "<group>"; };
		EC5F1E002ED8E37A0053F6A9 /* MouseEventGenerator.swift */ = {isa = PBXFileReference; lastKnownFileType = sourcecode.swift; path = MouseEventGenerator.swift; sourceTree = "<group>"; };
		EC5F1E012ED8E37A0053F6A9 /* MultitouchFramework.swift */ = {isa = PBXFileReference; lastKnownFileType = sourcecode.swift; path = MultitouchFramework.swift; sourceTree = "<group>"; };
		EC5F1E042ED8E37A0053F6A9 /* Info.plist */ = {isa = PBXFileReference; lastKnownFileType = text.plist.xml; path = Info.plist; sourceTree = "<group>"; };
		EC5F1E052ED8E37A0053F6A9 /* DeviceMonitor.swift */ = {isa = PBXFileReference; lastKnownFileType = sourcecode.swift; path = DeviceMonitor.swift; sourceTree = "<group>"; };
		EC5F1E062ED8E37A0053F6A9 /* MultitouchManager.swift */ = {isa = PBXFileReference; lastKnownFileType = sourcecode.swift; path = MultitouchManager.swift; sourceTree = "<group>"; };
		EC5F1E082ED8E37A0053F6A9 /* MiddleDrag.entitlements */ = {isa = PBXFileReference; lastKnownFileType = text.plist.entitlements; path = MiddleDrag.entitlements; sourceTree = "<group>"; };
		EC5F1E092ED8E37A0053F6A9 /* MiddleDragApp.swift */ = {isa = PBXFileReference; lastKnownFileType = sourcecode.swift; path = MiddleDragApp.swift; sourceTree = "<group>"; };
		EC5F1E0A2ED8E37A0053F6A9 /* GestureModels.swift */ = {isa = PBXFileReference; lastKnownFileType = sourcecode.swift; path = GestureModels.swift; sourceTree = "<group>"; };
		EC5F1E0B2ED8E37A0053F6A9 /* TouchModels.swift */ = {isa = PBXFileReference; lastKnownFileType = sourcecode.swift; path = TouchModels.swift; sourceTree = "<group>"; };
		EC5F1E0D2ED8E37A0053F6A9 /* PROJECT_STRUCTURE.md */ = {isa = PBXFileReference; lastKnownFileType = net.daringfireball.markdown; path = PROJECT_STRUCTURE.md; sourceTree = "<group>"; };
		EC5F1E0E2ED8E37A0053F6A9 /* README.md */ = {isa = PBXFileReference; lastKnownFileType = net.daringfireball.markdown; path = README.md; sourceTree = "<group>"; };
		EC5F1E0F2ED8E37A0053F6A9 /* AlertHelper.swift */ = {isa = PBXFileReference; lastKnownFileType = sourcecode.swift; path = AlertHelper.swift; sourceTree = "<group>"; };
		EC5F1E102ED8E37A0053F6A9 /* MenuBarController.swift */ = {isa = PBXFileReference; lastKnownFileType = sourcecode.swift; path = MenuBarController.swift; sourceTree = "<group>"; };
		EC5F1E122ED8E37A0053F6A9 /* LaunchAtLoginManager.swift */ = {isa = PBXFileReference; lastKnownFileType = sourcecode.swift; path = LaunchAtLoginManager.swift; sourceTree = "<group>"; };
		EC5F1E132ED8E37A0053F6A9 /* PreferencesManager.swift */ = {isa = PBXFileReference; lastKnownFileType = sourcecode.swift; path = PreferencesManager.swift; sourceTree = "<group>"; };
		EC5F1E242ED8E37A0053F6A9 /* Assets.xcassets */ = {isa = PBXFileReference; lastKnownFileType = folder.assetcatalog; path = Assets.xcassets; sourceTree = "<group>"; };
/* End PBXFileReference section */

/* Begin PBXFrameworksBuildPhase section */
		1A0000007 /* Frameworks */ = {
			isa = PBXFrameworksBuildPhase;
			buildActionMask = 2147483647;
			files = (
				EC93816B2EDE493A0012FDBE /* Sentry in Frameworks */,
				EC3F44122EDE4DA800BD36A8 /* SimpleAnalytics in Frameworks */,
			);
			runOnlyForDeploymentPostprocessing = 0;
		};
/* End PBXFrameworksBuildPhase section */

/* Begin PBXGroup section */
		1A0000008 = {
			isa = PBXGroup;
			children = (
				1A0000009 /* MiddleDrag */,
				1A0000010 /* Products */,
			);
			sourceTree = "<group>";
		};
		1A0000009 /* MiddleDrag */ = {
			isa = PBXGroup;
			children = (
				EC5F1DFE2ED8E37A0053F6A9 /* AppDelegate.swift */,
				EC5F1E092ED8E37A0053F6A9 /* MiddleDragApp.swift */,
				EC5F1E022ED8E37A0053F6A9 /* Core */,
				EC5F1E072ED8E37A0053F6A9 /* Managers */,
				EC5F1E0C2ED8E37A0053F6A9 /* Models */,
				EC5F1E112ED8E37A0053F6A9 /* UI */,
				EC5F1E142ED8E37A0053F6A9 /* Utilities */,
				EC5F1E242ED8E37A0053F6A9 /* Assets.xcassets */,
				EC5F1E042ED8E37A0053F6A9 /* Info.plist */,
				EC5F1E082ED8E37A0053F6A9 /* MiddleDrag.entitlements */,
				EC5F1E0D2ED8E37A0053F6A9 /* PROJECT_STRUCTURE.md */,
				EC5F1E0E2ED8E37A0053F6A9 /* README.md */,
			);
			path = MiddleDrag;
			sourceTree = "<group>";
		};
		1A0000010 /* Products */ = {
			isa = PBXGroup;
			children = (
				1A0000004 /* MiddleDrag.app */,
			);
			name = Products;
			sourceTree = "<group>";
		};
		EC5F1E022ED8E37A0053F6A9 /* Core */ = {
			isa = PBXGroup;
			children = (
				EC5F1DFF2ED8E37A0053F6A9 /* GestureRecognizer.swift */,
				EC5F1E002ED8E37A0053F6A9 /* MouseEventGenerator.swift */,
				EC5F1E012ED8E37A0053F6A9 /* MultitouchFramework.swift */,
			);
			path = Core;
			sourceTree = "<group>";
		};
		EC5F1E072ED8E37A0053F6A9 /* Managers */ = {
			isa = PBXGroup;
			children = (
				EC5F1E052ED8E37A0053F6A9 /* DeviceMonitor.swift */,
				EC5F1E062ED8E37A0053F6A9 /* MultitouchManager.swift */,
			);
			path = Managers;
			sourceTree = "<group>";
		};
		EC5F1E0C2ED8E37A0053F6A9 /* Models */ = {
			isa = PBXGroup;
			children = (
				EC5F1E0A2ED8E37A0053F6A9 /* GestureModels.swift */,
				EC5F1E0B2ED8E37A0053F6A9 /* TouchModels.swift */,
			);
			path = Models;
			sourceTree = "<group>";
		};
		EC5F1E112ED8E37A0053F6A9 /* UI */ = {
			isa = PBXGroup;
			children = (
				EC5F1E0F2ED8E37A0053F6A9 /* AlertHelper.swift */,
				EC5F1E102ED8E37A0053F6A9 /* MenuBarController.swift */,
			);
			path = UI;
			sourceTree = "<group>";
		};
		EC5F1E142ED8E37A0053F6A9 /* Utilities */ = {
			isa = PBXGroup;
			children = (
				EC5F1E122ED8E37A0053F6A9 /* LaunchAtLoginManager.swift */,
				EC5F1E132ED8E37A0053F6A9 /* PreferencesManager.swift */,
				EC3F440E2EDE4B9B00BD36A8 /* AnalyticsManager.swift */,
			);
			path = Utilities;
			sourceTree = "<group>";
		};
/* End PBXGroup section */

/* Begin PBXNativeTarget section */
		1A0000011 /* MiddleDrag */ = {
			isa = PBXNativeTarget;
			buildConfigurationList = 1A0000012 /* Build configuration list for PBXNativeTarget "MiddleDrag" */;
			buildPhases = (
				1A0000013 /* Sources */,
				1A0000007 /* Frameworks */,
				1A0000014 /* Resources */,
				EC3F44142EDE5CBB00BD36A8 /* Upload Debug Symbols & Source Context */,
			);
			buildRules = (
			);
			dependencies = (
			);
			name = MiddleDrag;
			productName = MiddleDrag;
			productReference = 1A0000004 /* MiddleDrag.app */;
			productType = "com.apple.product-type.application";
		};
/* End PBXNativeTarget section */

/* Begin PBXProject section */
		1A0000015 /* Project object */ = {
			isa = PBXProject;
			attributes = {
				BuildIndependentTargetsInParallel = 1;
				LastSwiftUpdateCheck = 1400;
				LastUpgradeCheck = 1400;
				TargetAttributes = {
					1A0000011 = {
						CreatedOnToolsVersion = 14.0;
					};
				};
			};
			buildConfigurationList = 1A0000016 /* Build configuration list for PBXProject "MiddleDrag" */;
			compatibilityVersion = "Xcode 14.0";
			developmentRegion = en;
			hasScannedForEncodings = 0;
			knownRegions = (
				en,
				Base,
			);
			mainGroup = 1A0000008;
			packageReferences = (
				EC9381692EDE49030012FDBE /* XCRemoteSwiftPackageReference "sentry-cocoa" */,
				EC3F44102EDE4DA800BD36A8 /* XCRemoteSwiftPackageReference "swift-package" */,
			);
			productRefGroup = 1A0000010 /* Products */;
			projectDirPath = "";
			projectRoot = "";
			targets = (
				1A0000011 /* MiddleDrag */,
			);
		};
/* End PBXProject section */

/* Begin PBXResourcesBuildPhase section */
		1A0000014 /* Resources */ = {
			isa = PBXResourcesBuildPhase;
			buildActionMask = 2147483647;
			files = (
				EC5F1E232ED8E37A0053F6A9 /* Assets.xcassets in Resources */,
			);
			runOnlyForDeploymentPostprocessing = 0;
		};
/* End PBXResourcesBuildPhase section */

/* Begin PBXShellScriptBuildPhase section */
		EC3F44142EDE5CBB00BD36A8 /* Upload Debug Symbols & Source Context */ = {
			isa = PBXShellScriptBuildPhase;
			alwaysOutOfDate = 1;
			buildActionMask = 2147483647;
			files = (
			);
			inputFileListPaths = (
			);
			inputPaths = (
				"${DWARF_DSYM_FOLDER_PATH}/${DWARF_DSYM_FILE_NAME}/Contents/Resources/DWARF/${EXECUTABLE_NAME}",
			);
			name = "Upload Debug Symbols & Source Context";
			outputFileListPaths = (
			);
			outputPaths = (
			);
			runOnlyForDeploymentPostprocessing = 0;
			shellPath = /bin/sh;
			shellScript = "# Type a script or drag a script file from your workspace to insert its path.\nif [[ \"$(uname -m)\" == arm64 ]]; then\n    export PATH=\"/opt/homebrew/bin:$PATH\"\nfi\nif which sentry-cli >/dev/null; then\nexport SENTRY_ORG=karan-mohindroo\nexport SENTRY_PROJECT=apple-macos\nERROR=$(sentry-cli debug-files upload \\\n--include-sources \\\n\"$DWARF_DSYM_FOLDER_PATH\" 2>&1 >/dev/null)\nif [ ! $? -eq 0 ]; then\necho \"warning: sentry-cli - $ERROR\"\nfi\nelse\necho \"warning: sentry-cli not installed, download from https://github.com/getsentry/sentry-cli/releases\"\nfi\n";
		};
/* End PBXShellScriptBuildPhase section */

/* Begin PBXSourcesBuildPhase section */
		1A0000013 /* Sources */ = {
			isa = PBXSourcesBuildPhase;
			buildActionMask = 2147483647;
			files = (
				EC5F1E152ED8E37A0053F6A9 /* MultitouchFramework.swift in Sources */,
				EC5F1E162ED8E37A0053F6A9 /* MenuBarController.swift in Sources */,
				EC5F1E172ED8E37A0053F6A9 /* AlertHelper.swift in Sources */,
				EC5F1E192ED8E37A0053F6A9 /* TouchModels.swift in Sources */,
				EC5F1E1A2ED8E37A0053F6A9 /* GestureRecognizer.swift in Sources */,
				EC5F1E1B2ED8E37A0053F6A9 /* MultitouchManager.swift in Sources */,
				EC5F1E1C2ED8E37A0053F6A9 /* PreferencesManager.swift in Sources */,
				EC5F1E1D2ED8E37A0053F6A9 /* DeviceMonitor.swift in Sources */,
				EC3F440F2EDE4B9B00BD36A8 /* AnalyticsManager.swift in Sources */,
				EC5F1E1E2ED8E37A0053F6A9 /* LaunchAtLoginManager.swift in Sources */,
				EC5F1E1F2ED8E37A0053F6A9 /* GestureModels.swift in Sources */,
				EC5F1E202ED8E37A0053F6A9 /* AppDelegate.swift in Sources */,
				EC5F1E212ED8E37A0053F6A9 /* MouseEventGenerator.swift in Sources */,
				EC5F1E222ED8E37A0053F6A9 /* MiddleDragApp.swift in Sources */,
			);
			runOnlyForDeploymentPostprocessing = 0;
		};
/* End PBXSourcesBuildPhase section */

/* Begin XCBuildConfiguration section */
		1A0000017 /* Debug */ = {
			isa = XCBuildConfiguration;
			buildSettings = {
				ALWAYS_SEARCH_USER_PATHS = NO;
				CLANG_ANALYZER_NONNULL = YES;
				CLANG_ANALYZER_NUMBER_OBJECT_CONVERSION = YES_AGGRESSIVE;
				CLANG_CXX_LANGUAGE_STANDARD = "gnu++20";
				CLANG_ENABLE_MODULES = YES;
				CLANG_ENABLE_OBJC_ARC = YES;
				CLANG_ENABLE_OBJC_WEAK = YES;
				CLANG_WARN_BLOCK_CAPTURE_AUTORELEASING = YES;
				CLANG_WARN_BOOL_CONVERSION = YES;
				CLANG_WARN_COMMA = YES;
				CLANG_WARN_CONSTANT_CONVERSION = YES;
				CLANG_WARN_DEPRECATED_OBJC_IMPLEMENTATIONS = YES;
				CLANG_WARN_DIRECT_OBJC_ISA_USAGE = YES_ERROR;
				CLANG_WARN_DOCUMENTATION_COMMENTS = YES;
				CLANG_WARN_EMPTY_BODY = YES;
				CLANG_WARN_ENUM_CONVERSION = YES;
				CLANG_WARN_INFINITE_RECURSION = YES;
				CLANG_WARN_INT_CONVERSION = YES;
				CLANG_WARN_NON_LITERAL_NULL_CONVERSION = YES;
				CLANG_WARN_OBJC_IMPLICIT_RETAIN_SELF = YES;
				CLANG_WARN_OBJC_LITERAL_CONVERSION = YES;
				CLANG_WARN_OBJC_ROOT_CLASS = YES_ERROR;
				CLANG_WARN_QUOTED_INCLUDE_IN_FRAMEWORK_HEADER = YES;
				CLANG_WARN_RANGE_LOOP_ANALYSIS = YES;
				CLANG_WARN_STRICT_PROTOTYPES = YES;
				CLANG_WARN_SUSPICIOUS_MOVE = YES;
				CLANG_WARN_UNGUARDED_AVAILABILITY = YES_AGGRESSIVE;
				CLANG_WARN_UNREACHABLE_CODE = YES;
				CLANG_WARN__DUPLICATE_METHOD_MATCH = YES;
				COPY_PHASE_STRIP = NO;
				DEBUG_INFORMATION_FORMAT = dwarf;
				ENABLE_STRICT_OBJC_MSGSEND = YES;
				ENABLE_TESTABILITY = YES;
				GCC_C_LANGUAGE_STANDARD = gnu11;
				GCC_DYNAMIC_NO_PIC = NO;
				GCC_NO_COMMON_BLOCKS = YES;
				GCC_OPTIMIZATION_LEVEL = 0;
				GCC_PREPROCESSOR_DEFINITIONS = (
					"DEBUG=1",
					"$(inherited)",
				);
				GCC_WARN_64_TO_32_BIT_CONVERSION = YES;
				GCC_WARN_ABOUT_RETURN_TYPE = YES_ERROR;
				GCC_WARN_UNDECLARED_SELECTOR = YES;
				GCC_WARN_UNINITIALIZED_AUTOS = YES_AGGRESSIVE;
				GCC_WARN_UNUSED_FUNCTION = YES;
				GCC_WARN_UNUSED_VARIABLE = YES;
				MACOSX_DEPLOYMENT_TARGET = 11.0;
				MTL_ENABLE_DEBUG_INFO = INCLUDE_SOURCE;
				MTL_FAST_MATH = YES;
				ONLY_ACTIVE_ARCH = YES;
				SDKROOT = macosx;
				SWIFT_ACTIVE_COMPILATION_CONDITIONS = DEBUG;
				SWIFT_OPTIMIZATION_LEVEL = "-Onone";
			};
			name = Debug;
		};
		1A0000018 /* Release */ = {
			isa = XCBuildConfiguration;
			buildSettings = {
				ALWAYS_SEARCH_USER_PATHS = NO;
				CLANG_ANALYZER_NONNULL = YES;
				CLANG_ANALYZER_NUMBER_OBJECT_CONVERSION = YES_AGGRESSIVE;
				CLANG_CXX_LANGUAGE_STANDARD = "gnu++20";
				CLANG_ENABLE_MODULES = YES;
				CLANG_ENABLE_OBJC_ARC = YES;
				CLANG_ENABLE_OBJC_WEAK = YES;
				CLANG_WARN_BLOCK_CAPTURE_AUTORELEASING = YES;
				CLANG_WARN_BOOL_CONVERSION = YES;
				CLANG_WARN_COMMA = YES;
				CLANG_WARN_CONSTANT_CONVERSION = YES;
				CLANG_WARN_DEPRECATED_OBJC_IMPLEMENTATIONS = YES;
				CLANG_WARN_DIRECT_OBJC_ISA_USAGE = YES_ERROR;
				CLANG_WARN_DOCUMENTATION_COMMENTS = YES;
				CLANG_WARN_EMPTY_BODY = YES;
				CLANG_WARN_ENUM_CONVERSION = YES;
				CLANG_WARN_INFINITE_RECURSION = YES;
				CLANG_WARN_INT_CONVERSION = YES;
				CLANG_WARN_NON_LITERAL_NULL_CONVERSION = YES;
				CLANG_WARN_OBJC_IMPLICIT_RETAIN_SELF = YES;
				CLANG_WARN_OBJC_LITERAL_CONVERSION = YES;
				CLANG_WARN_OBJC_ROOT_CLASS = YES_ERROR;
				CLANG_WARN_QUOTED_INCLUDE_IN_FRAMEWORK_HEADER = YES;
				CLANG_WARN_RANGE_LOOP_ANALYSIS = YES;
				CLANG_WARN_STRICT_PROTOTYPES = YES;
				CLANG_WARN_SUSPICIOUS_MOVE = YES;
				CLANG_WARN_UNGUARDED_AVAILABILITY = YES_AGGRESSIVE;
				CLANG_WARN_UNREACHABLE_CODE = YES;
				CLANG_WARN__DUPLICATE_METHOD_MATCH = YES;
				COPY_PHASE_STRIP = NO;
				DEBUG_INFORMATION_FORMAT = "dwarf-with-dsym";
				ENABLE_NS_ASSERTIONS = NO;
				ENABLE_STRICT_OBJC_MSGSEND = YES;
				GCC_C_LANGUAGE_STANDARD = gnu11;
				GCC_NO_COMMON_BLOCKS = YES;
				GCC_WARN_64_TO_32_BIT_CONVERSION = YES;
				GCC_WARN_ABOUT_RETURN_TYPE = YES_ERROR;
				GCC_WARN_UNDECLARED_SELECTOR = YES;
				GCC_WARN_UNINITIALIZED_AUTOS = YES_AGGRESSIVE;
				GCC_WARN_UNUSED_FUNCTION = YES;
				GCC_WARN_UNUSED_VARIABLE = YES;
				MACOSX_DEPLOYMENT_TARGET = 11.0;
				MTL_ENABLE_DEBUG_INFO = NO;
				MTL_FAST_MATH = YES;
				SDKROOT = macosx;
				SWIFT_COMPILATION_MODE = wholemodule;
				SWIFT_OPTIMIZATION_LEVEL = "-O";
			};
			name = Release;
		};
		1A0000019 /* Debug */ = {
			isa = XCBuildConfiguration;
			buildSettings = {
				ASSETCATALOG_COMPILER_APPICON_NAME = AppIcon;
				ASSETCATALOG_COMPILER_GLOBAL_ACCENT_COLOR_NAME = AccentColor;
				CODE_SIGN_ENTITLEMENTS = MiddleDrag/MiddleDrag.entitlements;
				CODE_SIGN_IDENTITY = "-";
				CODE_SIGN_STYLE = Automatic;
				COMBINE_HIDPI_IMAGES = YES;
				CURRENT_PROJECT_VERSION = 1;
				DEVELOPMENT_TEAM = "";
				ENABLE_HARDENED_RUNTIME = NO;
				FRAMEWORK_SEARCH_PATHS = (
					"$(inherited)",
					/System/Library/PrivateFrameworks,
				);
				GENERATE_INFOPLIST_FILE = NO;
				INFOPLIST_FILE = MiddleDrag/Info.plist;
				INFOPLIST_KEY_NSMainStoryboardFile = "";
				INFOPLIST_KEY_NSPrincipalClass = NSApplication;
				LD_RUNPATH_SEARCH_PATHS = (
					"$(inherited)",
					"@executable_path/../Frameworks",
				);
				MARKETING_VERSION = 1.2.4;
				OTHER_LDFLAGS = (
					"-framework",
					MultitouchSupport,
					"-framework",
					CoreFoundation,
				);
				PRODUCT_BUNDLE_IDENTIFIER = com.middledrag.MiddleDrag;
				PRODUCT_NAME = "$(TARGET_NAME)";
				SWIFT_EMIT_LOC_STRINGS = YES;
				SWIFT_VERSION = 5.0;
			};
			name = Debug;
		};
		1A0000020 /* Release */ = {
			isa = XCBuildConfiguration;
			buildSettings = {
				ASSETCATALOG_COMPILER_APPICON_NAME = AppIcon;
				ASSETCATALOG_COMPILER_GLOBAL_ACCENT_COLOR_NAME = AccentColor;
				CODE_SIGN_ENTITLEMENTS = MiddleDrag/MiddleDrag.entitlements;
				CODE_SIGN_IDENTITY = "-";
				CODE_SIGN_STYLE = Automatic;
				COMBINE_HIDPI_IMAGES = YES;
				CURRENT_PROJECT_VERSION = 1;
				DEVELOPMENT_TEAM = "";
				ENABLE_HARDENED_RUNTIME = NO;
				FRAMEWORK_SEARCH_PATHS = (
					"$(inherited)",
					/System/Library/PrivateFrameworks,
				);
				GENERATE_INFOPLIST_FILE = NO;
				INFOPLIST_FILE = MiddleDrag/Info.plist;
				INFOPLIST_KEY_NSMainStoryboardFile = "";
				INFOPLIST_KEY_NSPrincipalClass = NSApplication;
				LD_RUNPATH_SEARCH_PATHS = (
					"$(inherited)",
					"@executable_path/../Frameworks",
				);
				MARKETING_VERSION = 1.2.4;
				OTHER_LDFLAGS = (
					"-framework",
					MultitouchSupport,
					"-framework",
					CoreFoundation,
				);
				PRODUCT_BUNDLE_IDENTIFIER = com.middledrag.MiddleDrag;
				PRODUCT_NAME = "$(TARGET_NAME)";
				SWIFT_EMIT_LOC_STRINGS = YES;
				SWIFT_VERSION = 5.0;
			};
			name = Release;
		};
/* End XCBuildConfiguration section */

/* Begin XCConfigurationList section */
		1A0000012 /* Build configuration list for PBXNativeTarget "MiddleDrag" */ = {
			isa = XCConfigurationList;
			buildConfigurations = (
				1A0000019 /* Debug */,
				1A0000020 /* Release */,
			);
			defaultConfigurationIsVisible = 0;
			defaultConfigurationName = Release;
		};
		1A0000016 /* Build configuration list for PBXProject "MiddleDrag" */ = {
			isa = XCConfigurationList;
			buildConfigurations = (
				1A0000017 /* Debug */,
				1A0000018 /* Release */,
			);
			defaultConfigurationIsVisible = 0;
			defaultConfigurationName = Release;
		};
/* End XCConfigurationList section */

/* Begin XCRemoteSwiftPackageReference section */
		EC3F44102EDE4DA800BD36A8 /* XCRemoteSwiftPackageReference "swift-package" */ = {
			isa = XCRemoteSwiftPackageReference;
			repositoryURL = "https://github.com/simpleanalytics/swift-package";
			requirement = {
				kind = upToNextMajorVersion;
				minimumVersion = 0.4.1;
			};
		};
		EC9381692EDE49030012FDBE /* XCRemoteSwiftPackageReference "sentry-cocoa" */ = {
			isa = XCRemoteSwiftPackageReference;
			repositoryURL = "https://github.com/getsentry/sentry-cocoa.git";
			requirement = {
				kind = upToNextMajorVersion;
				minimumVersion = 9.0.0;
			};
		};
/* End XCRemoteSwiftPackageReference section */

/* Begin XCSwiftPackageProductDependency section */
		EC3F44112EDE4DA800BD36A8 /* SimpleAnalytics */ = {
			isa = XCSwiftPackageProductDependency;
			package = EC3F44102EDE4DA800BD36A8 /* XCRemoteSwiftPackageReference "swift-package" */;
			productName = SimpleAnalytics;
		};
		EC93816A2EDE493A0012FDBE /* Sentry */ = {
			isa = XCSwiftPackageProductDependency;
			package = EC9381692EDE49030012FDBE /* XCRemoteSwiftPackageReference "sentry-cocoa" */;
			productName = Sentry;
		};
/* End XCSwiftPackageProductDependency section */
	};
	rootObject = 1A0000015 /* Project object */;
}
